// !$*UTF8*$!
{
	archiveVersion = 1;
	classes = {
	};
	objectVersion = 46;
	objects = {

/* Begin PBXBuildFile section */
		4A52158A174060FE0007CE0C /* Status Item Icon.png in Resources */ = {isa = PBXBuildFile; fileRef = 4A521589174060FE0007CE0C /* Status Item Icon.png */; };
		4A52158C174061130007CE0C /* Status Item Icon - Highlighted.png in Resources */ = {isa = PBXBuildFile; fileRef = 4A52158B174061130007CE0C /* Status Item Icon - Highlighted.png */; };
		4A7EB131173FA46400AF5916 /* StashIssuesViewController.m in Sources */ = {isa = PBXBuildFile; fileRef = 4A7EB12F173FA46400AF5916 /* StashIssuesViewController.m */; };
		4A7EB135173FA48400AF5916 /* Issues View.xib in Resources */ = {isa = PBXBuildFile; fileRef = 4A7EB133173FA48400AF5916 /* Issues View.xib */; };
		4A7EB137173FA82800AF5916 /* QuartzCore.framework in Frameworks */ = {isa = PBXBuildFile; fileRef = 4A7EB136173FA82800AF5916 /* QuartzCore.framework */; };
		4A7EB139173FAA3200AF5916 /* SystemConfiguration.framework in Frameworks */ = {isa = PBXBuildFile; fileRef = 4A7EB138173FAA3200AF5916 /* SystemConfiguration.framework */; };
		4A7EB13F173FACEB00AF5916 /* StashView.m in Sources */ = {isa = PBXBuildFile; fileRef = 4A7EB13E173FACEB00AF5916 /* StashView.m */; };
		4A7EB142173FB19E00AF5916 /* NSView+ConstraintAdditions.m in Sources */ = {isa = PBXBuildFile; fileRef = 4A7EB141173FB19E00AF5916 /* NSView+ConstraintAdditions.m */; };
		4A7EB147173FD9E800AF5916 /* StashDrawingFunctions.m in Sources */ = {isa = PBXBuildFile; fileRef = 4A7EB146173FD9E800AF5916 /* StashDrawingFunctions.m */; };
		4AB88B3C1741D9D50085D8A7 /* CoreData.framework in Frameworks */ = {isa = PBXBuildFile; fileRef = 4AD190BC173DE4B100D3F24E /* CoreData.framework */; };
		4AB88B411741DA2F0085D8A7 /* _StashItem.m in Sources */ = {isa = PBXBuildFile; fileRef = 4AB88B3E1741DA2F0085D8A7 /* _StashItem.m */; };
		4AB88B421741DA2F0085D8A7 /* StashItem.m in Sources */ = {isa = PBXBuildFile; fileRef = 4AB88B401741DA2F0085D8A7 /* StashItem.m */; };
		4AB88B4317423C4F0085D8A7 /* Issues Model.xcdatamodeld in Resources */ = {isa = PBXBuildFile; fileRef = 4AFFA9D11740E46F00935AA9 /* Issues Model.xcdatamodeld */; };
		4AB88B461742545B0085D8A7 /* AFHTTPRequestOperation+StashAdditions.m in Sources */ = {isa = PBXBuildFile; fileRef = 4AB88B451742545B0085D8A7 /* AFHTTPRequestOperation+StashAdditions.m */; };
		4AB88B4817425E080085D8A7 /* libicucore.dylib in Frameworks */ = {isa = PBXBuildFile; fileRef = 4AB88B4717425E080085D8A7 /* libicucore.dylib */; };
		4AB88B4C17425E280085D8A7 /* RegexKitLite.m in Sources */ = {isa = PBXBuildFile; fileRef = 4AB88B4B17425E280085D8A7 /* RegexKitLite.m */; settings = {COMPILER_FLAGS = "-fno-objc-arc"; }; };
		4AD190B9173DE4B100D3F24E /* Cocoa.framework in Frameworks */ = {isa = PBXBuildFile; fileRef = 4AD190B8173DE4B100D3F24E /* Cocoa.framework */; };
		4AD190C3173DE4B100D3F24E /* InfoPlist.strings in Resources */ = {isa = PBXBuildFile; fileRef = 4AD190C1173DE4B100D3F24E /* InfoPlist.strings */; };
		4AD190C5173DE4B100D3F24E /* main.m in Sources */ = {isa = PBXBuildFile; fileRef = 4AD190C4173DE4B100D3F24E /* main.m */; };
		4AD190C9173DE4B100D3F24E /* Credits.rtf in Resources */ = {isa = PBXBuildFile; fileRef = 4AD190C7173DE4B100D3F24E /* Credits.rtf */; };
		4AD190CC173DE4B100D3F24E /* StashAppDelegate.m in Sources */ = {isa = PBXBuildFile; fileRef = 4AD190CB173DE4B100D3F24E /* StashAppDelegate.m */; };
		4AD190CF173DE4B100D3F24E /* Main Menu.xib in Resources */ = {isa = PBXBuildFile; fileRef = 4AD190CD173DE4B100D3F24E /* Main Menu.xib */; };
		4AD190D6173DE4C000D3F24E /* Security.framework in Frameworks */ = {isa = PBXBuildFile; fileRef = 4AD190D5173DE4C000D3F24E /* Security.framework */; };
		4AD190E7173DE6F100D3F24E /* StashIssuesWindowController.m in Sources */ = {isa = PBXBuildFile; fileRef = 4AD190DA173DE6F100D3F24E /* StashIssuesWindowController.m */; };
		4AD190E8173DE6F100D3F24E /* StashLoginViewController.m in Sources */ = {isa = PBXBuildFile; fileRef = 4AD190DC173DE6F100D3F24E /* StashLoginViewController.m */; };
		4AD190E9173DE6F100D3F24E /* StashNetworkManager.m in Sources */ = {isa = PBXBuildFile; fileRef = 4AD190DE173DE6F100D3F24E /* StashNetworkManager.m */; };
		4AD190EA173DE6F100D3F24E /* StashStatusItemController.m in Sources */ = {isa = PBXBuildFile; fileRef = 4AD190E0173DE6F100D3F24E /* StashStatusItemController.m */; };
		4AD190EB173DE6F100D3F24E /* StashTexturedWindow.m in Sources */ = {isa = PBXBuildFile; fileRef = 4AD190E2173DE6F100D3F24E /* StashTexturedWindow.m */; };
		4AD190EC173DE6F100D3F24E /* StashTexturedWindowView.m in Sources */ = {isa = PBXBuildFile; fileRef = 4AD190E4173DE6F100D3F24E /* StashTexturedWindowView.m */; };
		4AD190ED173DE6F100D3F24E /* StashViewController.m in Sources */ = {isa = PBXBuildFile; fileRef = 4AD190E6173DE6F100D3F24E /* StashViewController.m */; };
		4AD190FF173DE71B00D3F24E /* AFHTTPClient.m in Sources */ = {isa = PBXBuildFile; fileRef = 4AD190EF173DE71B00D3F24E /* AFHTTPClient.m */; };
		4AD19100173DE71B00D3F24E /* AFHTTPRequestOperation.m in Sources */ = {isa = PBXBuildFile; fileRef = 4AD190F1173DE71B00D3F24E /* AFHTTPRequestOperation.m */; };
		4AD19101173DE71B00D3F24E /* AFImageRequestOperation.m in Sources */ = {isa = PBXBuildFile; fileRef = 4AD190F3173DE71B00D3F24E /* AFImageRequestOperation.m */; };
		4AD19102173DE71B00D3F24E /* AFJSONRequestOperation.m in Sources */ = {isa = PBXBuildFile; fileRef = 4AD190F5173DE71B00D3F24E /* AFJSONRequestOperation.m */; };
		4AD19103173DE71B00D3F24E /* AFNetworkActivityIndicatorManager.m in Sources */ = {isa = PBXBuildFile; fileRef = 4AD190F7173DE71B00D3F24E /* AFNetworkActivityIndicatorManager.m */; };
		4AD19104173DE71B00D3F24E /* AFPropertyListRequestOperation.m in Sources */ = {isa = PBXBuildFile; fileRef = 4AD190FA173DE71B00D3F24E /* AFPropertyListRequestOperation.m */; };
		4AD19105173DE71B00D3F24E /* AFURLConnectionOperation.m in Sources */ = {isa = PBXBuildFile; fileRef = 4AD190FC173DE71B00D3F24E /* AFURLConnectionOperation.m */; };
		4AD19106173DE71B00D3F24E /* AFXMLRequestOperation.m in Sources */ = {isa = PBXBuildFile; fileRef = 4AD190FE173DE71B00D3F24E /* AFXMLRequestOperation.m */; };
		4AD1910B173DE75100D3F24E /* qLog.m in Sources */ = {isa = PBXBuildFile; fileRef = 4AD1910A173DE75100D3F24E /* qLog.m */; };
		4AD19111173DE77A00D3F24E /* XSViewController.m in Sources */ = {isa = PBXBuildFile; fileRef = 4AD1910E173DE77A00D3F24E /* XSViewController.m */; };
		4AD19112173DE77A00D3F24E /* XSWindowController.m in Sources */ = {isa = PBXBuildFile; fileRef = 4AD19110173DE77A00D3F24E /* XSWindowController.m */; };
		4AD19118173DE7FE00D3F24E /* Login View.xib in Resources */ = {isa = PBXBuildFile; fileRef = 4AD19116173DE7FE00D3F24E /* Login View.xib */; };
		4AFFA9CF1740DD3000935AA9 /* StashHTTPClient.m in Sources */ = {isa = PBXBuildFile; fileRef = 4AFFA9CE1740DD3000935AA9 /* StashHTTPClient.m */; };
		4AFFA9D31740E46F00935AA9 /* Issues Model.xcdatamodeld in Sources */ = {isa = PBXBuildFile; fileRef = 4AFFA9D11740E46F00935AA9 /* Issues Model.xcdatamodeld */; };
		4AFFA9E11740F36C00935AA9 /* _StashAccount.m in Sources */ = {isa = PBXBuildFile; fileRef = 4AFFA9D61740F36C00935AA9 /* _StashAccount.m */; };
		4AFFA9E21740F36C00935AA9 /* _StashIssue.m in Sources */ = {isa = PBXBuildFile; fileRef = 4AFFA9D81740F36C00935AA9 /* _StashIssue.m */; };
		4AFFA9E31740F36C00935AA9 /* _StashLabel.m in Sources */ = {isa = PBXBuildFile; fileRef = 4AFFA9DA1740F36C00935AA9 /* _StashLabel.m */; };
		4AFFA9E41740F36C00935AA9 /* _StashMilestone.m in Sources */ = {isa = PBXBuildFile; fileRef = 4AFFA9DC1740F36C00935AA9 /* _StashMilestone.m */; };
		4AFFA9E51740F36C00935AA9 /* _StashRepository.m in Sources */ = {isa = PBXBuildFile; fileRef = 4AFFA9DE1740F36C00935AA9 /* _StashRepository.m */; };
		4AFFA9E61740F36C00935AA9 /* _StashUsers.m in Sources */ = {isa = PBXBuildFile; fileRef = 4AFFA9E01740F36C00935AA9 /* _StashUsers.m */; };
		4AFFA9F31740F38500935AA9 /* StashAccount.m in Sources */ = {isa = PBXBuildFile; fileRef = 4AFFA9E81740F38500935AA9 /* StashAccount.m */; };
		4AFFA9F41740F38500935AA9 /* StashIssue.m in Sources */ = {isa = PBXBuildFile; fileRef = 4AFFA9EA1740F38500935AA9 /* StashIssue.m */; };
		4AFFA9F51740F38500935AA9 /* StashLabel.m in Sources */ = {isa = PBXBuildFile; fileRef = 4AFFA9EC1740F38500935AA9 /* StashLabel.m */; };
		4AFFA9F61740F38500935AA9 /* StashMilestone.m in Sources */ = {isa = PBXBuildFile; fileRef = 4AFFA9EE1740F38500935AA9 /* StashMilestone.m */; };
		4AFFA9F71740F38500935AA9 /* StashRepository.m in Sources */ = {isa = PBXBuildFile; fileRef = 4AFFA9F01740F38500935AA9 /* StashRepository.m */; };
		4AFFA9F81740F38500935AA9 /* StashUsers.m in Sources */ = {isa = PBXBuildFile; fileRef = 4AFFA9F21740F38500935AA9 /* StashUsers.m */; };
		4AFFA9FC1740F3FB00935AA9 /* StashIssuesManager.m in Sources */ = {isa = PBXBuildFile; fileRef = 4AFFA9FB1740F3FB00935AA9 /* StashIssuesManager.m */; };
/* End PBXBuildFile section */

/* Begin PBXFileReference section */
		4A521589174060FE0007CE0C /* Status Item Icon.png */ = {isa = PBXFileReference; lastKnownFileType = image.png; name = "Status Item Icon.png"; path = "Resources/Images/Status Item Icon.png"; sourceTree = SOURCE_ROOT; };
		4A52158B174061130007CE0C /* Status Item Icon - Highlighted.png */ = {isa = PBXFileReference; lastKnownFileType = image.png; name = "Status Item Icon - Highlighted.png"; path = "Resources/Images/Status Item Icon - Highlighted.png"; sourceTree = SOURCE_ROOT; };
		4A7EB12E173FA46400AF5916 /* StashIssuesViewController.h */ = {isa = PBXFileReference; fileEncoding = 4; lastKnownFileType = sourcecode.c.h; path = StashIssuesViewController.h; sourceTree = "<group>"; };
		4A7EB12F173FA46400AF5916 /* StashIssuesViewController.m */ = {isa = PBXFileReference; fileEncoding = 4; lastKnownFileType = sourcecode.c.objc; path = StashIssuesViewController.m; sourceTree = "<group>"; };
		4A7EB134173FA48400AF5916 /* en */ = {isa = PBXFileReference; lastKnownFileType = file.xib; name = en; path = "en.lproj/Issues View.xib"; sourceTree = "<group>"; };
		4A7EB136173FA82800AF5916 /* QuartzCore.framework */ = {isa = PBXFileReference; lastKnownFileType = wrapper.framework; name = QuartzCore.framework; path = System/Library/Frameworks/QuartzCore.framework; sourceTree = SDKROOT; };
		4A7EB138173FAA3200AF5916 /* SystemConfiguration.framework */ = {isa = PBXFileReference; lastKnownFileType = wrapper.framework; name = SystemConfiguration.framework; path = System/Library/Frameworks/SystemConfiguration.framework; sourceTree = SDKROOT; };
		4A7EB13D173FACEB00AF5916 /* StashView.h */ = {isa = PBXFileReference; fileEncoding = 4; lastKnownFileType = sourcecode.c.h; path = StashView.h; sourceTree = "<group>"; };
		4A7EB13E173FACEB00AF5916 /* StashView.m */ = {isa = PBXFileReference; fileEncoding = 4; lastKnownFileType = sourcecode.c.objc; path = StashView.m; sourceTree = "<group>"; };
		4A7EB140173FB19E00AF5916 /* NSView+ConstraintAdditions.h */ = {isa = PBXFileReference; fileEncoding = 4; lastKnownFileType = sourcecode.c.h; path = "NSView+ConstraintAdditions.h"; sourceTree = "<group>"; };
		4A7EB141173FB19E00AF5916 /* NSView+ConstraintAdditions.m */ = {isa = PBXFileReference; fileEncoding = 4; lastKnownFileType = sourcecode.c.objc; path = "NSView+ConstraintAdditions.m"; sourceTree = "<group>"; };
		4A7EB145173FD9E800AF5916 /* StashDrawingFunctions.h */ = {isa = PBXFileReference; fileEncoding = 4; lastKnownFileType = sourcecode.c.h; path = StashDrawingFunctions.h; sourceTree = "<group>"; };
		4A7EB146173FD9E800AF5916 /* StashDrawingFunctions.m */ = {isa = PBXFileReference; fileEncoding = 4; lastKnownFileType = sourcecode.c.objc; path = StashDrawingFunctions.m; sourceTree = "<group>"; };
		4AB88B3D1741DA2F0085D8A7 /* _StashItem.h */ = {isa = PBXFileReference; fileEncoding = 4; lastKnownFileType = sourcecode.c.h; path = _StashItem.h; sourceTree = "<group>"; };
		4AB88B3E1741DA2F0085D8A7 /* _StashItem.m */ = {isa = PBXFileReference; fileEncoding = 4; lastKnownFileType = sourcecode.c.objc; path = _StashItem.m; sourceTree = "<group>"; };
		4AB88B3F1741DA2F0085D8A7 /* StashItem.h */ = {isa = PBXFileReference; fileEncoding = 4; lastKnownFileType = sourcecode.c.h; path = StashItem.h; sourceTree = "<group>"; };
		4AB88B401741DA2F0085D8A7 /* StashItem.m */ = {isa = PBXFileReference; fileEncoding = 4; lastKnownFileType = sourcecode.c.objc; path = StashItem.m; sourceTree = "<group>"; };
		4AB88B441742545B0085D8A7 /* AFHTTPRequestOperation+StashAdditions.h */ = {isa = PBXFileReference; fileEncoding = 4; lastKnownFileType = sourcecode.c.h; path = "AFHTTPRequestOperation+StashAdditions.h"; sourceTree = "<group>"; };
		4AB88B451742545B0085D8A7 /* AFHTTPRequestOperation+StashAdditions.m */ = {isa = PBXFileReference; fileEncoding = 4; lastKnownFileType = sourcecode.c.objc; path = "AFHTTPRequestOperation+StashAdditions.m"; sourceTree = "<group>"; };
		4AB88B4717425E080085D8A7 /* libicucore.dylib */ = {isa = PBXFileReference; lastKnownFileType = "compiled.mach-o.dylib"; name = libicucore.dylib; path = usr/lib/libicucore.dylib; sourceTree = SDKROOT; };
		4AB88B4A17425E280085D8A7 /* RegexKitLite.h */ = {isa = PBXFileReference; fileEncoding = 4; lastKnownFileType = sourcecode.c.h; name = RegexKitLite.h; path = Submodules/RegexKitLite/RegexKitLite.h; sourceTree = SOURCE_ROOT; };
		4AB88B4B17425E280085D8A7 /* RegexKitLite.m */ = {isa = PBXFileReference; fileEncoding = 4; lastKnownFileType = sourcecode.c.objc; name = RegexKitLite.m; path = Submodules/RegexKitLite/RegexKitLite.m; sourceTree = SOURCE_ROOT; };
		4AD190B5173DE4B100D3F24E /* Stash.app */ = {isa = PBXFileReference; explicitFileType = wrapper.application; includeInIndex = 0; path = Stash.app; sourceTree = BUILT_PRODUCTS_DIR; };
		4AD190B8173DE4B100D3F24E /* Cocoa.framework */ = {isa = PBXFileReference; lastKnownFileType = wrapper.framework; name = Cocoa.framework; path = System/Library/Frameworks/Cocoa.framework; sourceTree = SDKROOT; };
		4AD190BB173DE4B100D3F24E /* AppKit.framework */ = {isa = PBXFileReference; lastKnownFileType = wrapper.framework; name = AppKit.framework; path = System/Library/Frameworks/AppKit.framework; sourceTree = SDKROOT; };
		4AD190BC173DE4B100D3F24E /* CoreData.framework */ = {isa = PBXFileReference; lastKnownFileType = wrapper.framework; name = CoreData.framework; path = System/Library/Frameworks/CoreData.framework; sourceTree = SDKROOT; };
		4AD190BD173DE4B100D3F24E /* Foundation.framework */ = {isa = PBXFileReference; lastKnownFileType = wrapper.framework; name = Foundation.framework; path = System/Library/Frameworks/Foundation.framework; sourceTree = SDKROOT; };
		4AD190C0173DE4B100D3F24E /* Stash-Info.plist */ = {isa = PBXFileReference; lastKnownFileType = text.plist.xml; path = "Stash-Info.plist"; sourceTree = "<group>"; };
		4AD190C2173DE4B100D3F24E /* en */ = {isa = PBXFileReference; lastKnownFileType = text.plist.strings; name = en; path = en.lproj/InfoPlist.strings; sourceTree = "<group>"; };
		4AD190C4173DE4B100D3F24E /* main.m */ = {isa = PBXFileReference; lastKnownFileType = sourcecode.c.objc; path = main.m; sourceTree = "<group>"; };
		4AD190C6173DE4B100D3F24E /* Stash-Prefix.pch */ = {isa = PBXFileReference; lastKnownFileType = sourcecode.c.h; path = "Stash-Prefix.pch"; sourceTree = "<group>"; };
		4AD190C8173DE4B100D3F24E /* en */ = {isa = PBXFileReference; lastKnownFileType = text.rtf; name = en; path = en.lproj/Credits.rtf; sourceTree = "<group>"; };
		4AD190CA173DE4B100D3F24E /* StashAppDelegate.h */ = {isa = PBXFileReference; lastKnownFileType = sourcecode.c.h; path = StashAppDelegate.h; sourceTree = "<group>"; };
		4AD190CB173DE4B100D3F24E /* StashAppDelegate.m */ = {isa = PBXFileReference; lastKnownFileType = sourcecode.c.objc; path = StashAppDelegate.m; sourceTree = "<group>"; };
		4AD190CE173DE4B100D3F24E /* en */ = {isa = PBXFileReference; lastKnownFileType = file.xib; name = en; path = "en.lproj/Main Menu.xib"; sourceTree = "<group>"; };
		4AD190D5173DE4C000D3F24E /* Security.framework */ = {isa = PBXFileReference; lastKnownFileType = wrapper.framework; name = Security.framework; path = System/Library/Frameworks/Security.framework; sourceTree = SDKROOT; };
		4AD190D7173DE51E00D3F24E /* Stash.entitlements */ = {isa = PBXFileReference; lastKnownFileType = text.xml; path = Stash.entitlements; sourceTree = "<group>"; };
		4AD190D9173DE6F100D3F24E /* StashIssuesWindowController.h */ = {isa = PBXFileReference; fileEncoding = 4; lastKnownFileType = sourcecode.c.h; path = StashIssuesWindowController.h; sourceTree = "<group>"; };
		4AD190DA173DE6F100D3F24E /* StashIssuesWindowController.m */ = {isa = PBXFileReference; fileEncoding = 4; lastKnownFileType = sourcecode.c.objc; path = StashIssuesWindowController.m; sourceTree = "<group>"; };
		4AD190DB173DE6F100D3F24E /* StashLoginViewController.h */ = {isa = PBXFileReference; fileEncoding = 4; lastKnownFileType = sourcecode.c.h; path = StashLoginViewController.h; sourceTree = "<group>"; };
		4AD190DC173DE6F100D3F24E /* StashLoginViewController.m */ = {isa = PBXFileReference; fileEncoding = 4; lastKnownFileType = sourcecode.c.objc; path = StashLoginViewController.m; sourceTree = "<group>"; };
		4AD190DD173DE6F100D3F24E /* StashNetworkManager.h */ = {isa = PBXFileReference; fileEncoding = 4; lastKnownFileType = sourcecode.c.h; path = StashNetworkManager.h; sourceTree = "<group>"; };
		4AD190DE173DE6F100D3F24E /* StashNetworkManager.m */ = {isa = PBXFileReference; fileEncoding = 4; lastKnownFileType = sourcecode.c.objc; path = StashNetworkManager.m; sourceTree = "<group>"; };
		4AD190DF173DE6F100D3F24E /* StashStatusItemController.h */ = {isa = PBXFileReference; fileEncoding = 4; lastKnownFileType = sourcecode.c.h; path = StashStatusItemController.h; sourceTree = "<group>"; };
		4AD190E0173DE6F100D3F24E /* StashStatusItemController.m */ = {isa = PBXFileReference; fileEncoding = 4; lastKnownFileType = sourcecode.c.objc; path = StashStatusItemController.m; sourceTree = "<group>"; };
		4AD190E1173DE6F100D3F24E /* StashTexturedWindow.h */ = {isa = PBXFileReference; fileEncoding = 4; lastKnownFileType = sourcecode.c.h; path = StashTexturedWindow.h; sourceTree = "<group>"; };
		4AD190E2173DE6F100D3F24E /* StashTexturedWindow.m */ = {isa = PBXFileReference; fileEncoding = 4; lastKnownFileType = sourcecode.c.objc; path = StashTexturedWindow.m; sourceTree = "<group>"; };
		4AD190E3173DE6F100D3F24E /* StashTexturedWindowView.h */ = {isa = PBXFileReference; fileEncoding = 4; lastKnownFileType = sourcecode.c.h; path = StashTexturedWindowView.h; sourceTree = "<group>"; };
		4AD190E4173DE6F100D3F24E /* StashTexturedWindowView.m */ = {isa = PBXFileReference; fileEncoding = 4; lastKnownFileType = sourcecode.c.objc; path = StashTexturedWindowView.m; sourceTree = "<group>"; };
		4AD190E5173DE6F100D3F24E /* StashViewController.h */ = {isa = PBXFileReference; fileEncoding = 4; lastKnownFileType = sourcecode.c.h; path = StashViewController.h; sourceTree = "<group>"; };
		4AD190E6173DE6F100D3F24E /* StashViewController.m */ = {isa = PBXFileReference; fileEncoding = 4; lastKnownFileType = sourcecode.c.objc; path = StashViewController.m; sourceTree = "<group>"; };
		4AD190EE173DE71B00D3F24E /* AFHTTPClient.h */ = {isa = PBXFileReference; fileEncoding = 4; lastKnownFileType = sourcecode.c.h; name = AFHTTPClient.h; path = Submodules/AFNetworking/AFNetworking/AFHTTPClient.h; sourceTree = SOURCE_ROOT; };
		4AD190EF173DE71B00D3F24E /* AFHTTPClient.m */ = {isa = PBXFileReference; fileEncoding = 4; lastKnownFileType = sourcecode.c.objc; name = AFHTTPClient.m; path = Submodules/AFNetworking/AFNetworking/AFHTTPClient.m; sourceTree = SOURCE_ROOT; };
		4AD190F0173DE71B00D3F24E /* AFHTTPRequestOperation.h */ = {isa = PBXFileReference; fileEncoding = 4; lastKnownFileType = sourcecode.c.h; name = AFHTTPRequestOperation.h; path = Submodules/AFNetworking/AFNetworking/AFHTTPRequestOperation.h; sourceTree = SOURCE_ROOT; };
		4AD190F1173DE71B00D3F24E /* AFHTTPRequestOperation.m */ = {isa = PBXFileReference; fileEncoding = 4; lastKnownFileType = sourcecode.c.objc; name = AFHTTPRequestOperation.m; path = Submodules/AFNetworking/AFNetworking/AFHTTPRequestOperation.m; sourceTree = SOURCE_ROOT; };
		4AD190F2173DE71B00D3F24E /* AFImageRequestOperation.h */ = {isa = PBXFileReference; fileEncoding = 4; lastKnownFileType = sourcecode.c.h; name = AFImageRequestOperation.h; path = Submodules/AFNetworking/AFNetworking/AFImageRequestOperation.h; sourceTree = SOURCE_ROOT; };
		4AD190F3173DE71B00D3F24E /* AFImageRequestOperation.m */ = {isa = PBXFileReference; fileEncoding = 4; lastKnownFileType = sourcecode.c.objc; name = AFImageRequestOperation.m; path = Submodules/AFNetworking/AFNetworking/AFImageRequestOperation.m; sourceTree = SOURCE_ROOT; };
		4AD190F4173DE71B00D3F24E /* AFJSONRequestOperation.h */ = {isa = PBXFileReference; fileEncoding = 4; lastKnownFileType = sourcecode.c.h; name = AFJSONRequestOperation.h; path = Submodules/AFNetworking/AFNetworking/AFJSONRequestOperation.h; sourceTree = SOURCE_ROOT; };
		4AD190F5173DE71B00D3F24E /* AFJSONRequestOperation.m */ = {isa = PBXFileReference; fileEncoding = 4; lastKnownFileType = sourcecode.c.objc; name = AFJSONRequestOperation.m; path = Submodules/AFNetworking/AFNetworking/AFJSONRequestOperation.m; sourceTree = SOURCE_ROOT; };
		4AD190F6173DE71B00D3F24E /* AFNetworkActivityIndicatorManager.h */ = {isa = PBXFileReference; fileEncoding = 4; lastKnownFileType = sourcecode.c.h; name = AFNetworkActivityIndicatorManager.h; path = Submodules/AFNetworking/AFNetworking/AFNetworkActivityIndicatorManager.h; sourceTree = SOURCE_ROOT; };
		4AD190F7173DE71B00D3F24E /* AFNetworkActivityIndicatorManager.m */ = {isa = PBXFileReference; fileEncoding = 4; lastKnownFileType = sourcecode.c.objc; name = AFNetworkActivityIndicatorManager.m; path = Submodules/AFNetworking/AFNetworking/AFNetworkActivityIndicatorManager.m; sourceTree = SOURCE_ROOT; };
		4AD190F8173DE71B00D3F24E /* AFNetworking.h */ = {isa = PBXFileReference; fileEncoding = 4; lastKnownFileType = sourcecode.c.h; name = AFNetworking.h; path = Submodules/AFNetworking/AFNetworking/AFNetworking.h; sourceTree = SOURCE_ROOT; };
		4AD190F9173DE71B00D3F24E /* AFPropertyListRequestOperation.h */ = {isa = PBXFileReference; fileEncoding = 4; lastKnownFileType = sourcecode.c.h; name = AFPropertyListRequestOperation.h; path = Submodules/AFNetworking/AFNetworking/AFPropertyListRequestOperation.h; sourceTree = SOURCE_ROOT; };
		4AD190FA173DE71B00D3F24E /* AFPropertyListRequestOperation.m */ = {isa = PBXFileReference; fileEncoding = 4; lastKnownFileType = sourcecode.c.objc; name = AFPropertyListRequestOperation.m; path = Submodules/AFNetworking/AFNetworking/AFPropertyListRequestOperation.m; sourceTree = SOURCE_ROOT; };
		4AD190FB173DE71B00D3F24E /* AFURLConnectionOperation.h */ = {isa = PBXFileReference; fileEncoding = 4; lastKnownFileType = sourcecode.c.h; name = AFURLConnectionOperation.h; path = Submodules/AFNetworking/AFNetworking/AFURLConnectionOperation.h; sourceTree = SOURCE_ROOT; };
		4AD190FC173DE71B00D3F24E /* AFURLConnectionOperation.m */ = {isa = PBXFileReference; fileEncoding = 4; lastKnownFileType = sourcecode.c.objc; name = AFURLConnectionOperation.m; path = Submodules/AFNetworking/AFNetworking/AFURLConnectionOperation.m; sourceTree = SOURCE_ROOT; };
		4AD190FD173DE71B00D3F24E /* AFXMLRequestOperation.h */ = {isa = PBXFileReference; fileEncoding = 4; lastKnownFileType = sourcecode.c.h; name = AFXMLRequestOperation.h; path = Submodules/AFNetworking/AFNetworking/AFXMLRequestOperation.h; sourceTree = SOURCE_ROOT; };
		4AD190FE173DE71B00D3F24E /* AFXMLRequestOperation.m */ = {isa = PBXFileReference; fileEncoding = 4; lastKnownFileType = sourcecode.c.objc; name = AFXMLRequestOperation.m; path = Submodules/AFNetworking/AFNetworking/AFXMLRequestOperation.m; sourceTree = SOURCE_ROOT; };
		4AD19109173DE75100D3F24E /* qLog.h */ = {isa = PBXFileReference; fileEncoding = 4; lastKnownFileType = sourcecode.c.h; name = qLog.h; path = Submodules/SYMLFoundation/Combined/Functions/qLog.h; sourceTree = SOURCE_ROOT; };
		4AD1910A173DE75100D3F24E /* qLog.m */ = {isa = PBXFileReference; fileEncoding = 4; lastKnownFileType = sourcecode.c.objc; name = qLog.m; path = Submodules/SYMLFoundation/Combined/Functions/qLog.m; sourceTree = SOURCE_ROOT; };
		4AD1910D173DE77A00D3F24E /* XSViewController.h */ = {isa = PBXFileReference; fileEncoding = 4; lastKnownFileType = sourcecode.c.h; name = XSViewController.h; path = Submodules/XSControllers/XSViewController.h; sourceTree = SOURCE_ROOT; };
		4AD1910E173DE77A00D3F24E /* XSViewController.m */ = {isa = PBXFileReference; fileEncoding = 4; lastKnownFileType = sourcecode.c.objc; name = XSViewController.m; path = Submodules/XSControllers/XSViewController.m; sourceTree = SOURCE_ROOT; };
		4AD1910F173DE77A00D3F24E /* XSWindowController.h */ = {isa = PBXFileReference; fileEncoding = 4; lastKnownFileType = sourcecode.c.h; name = XSWindowController.h; path = Submodules/XSControllers/XSWindowController.h; sourceTree = SOURCE_ROOT; };
		4AD19110173DE77A00D3F24E /* XSWindowController.m */ = {isa = PBXFileReference; fileEncoding = 4; lastKnownFileType = sourcecode.c.objc; name = XSWindowController.m; path = Submodules/XSControllers/XSWindowController.m; sourceTree = SOURCE_ROOT; };
		4AD19117173DE7FE00D3F24E /* en */ = {isa = PBXFileReference; lastKnownFileType = file.xib; name = en; path = "en.lproj/Login View.xib"; sourceTree = "<group>"; };
		4AFFA9CD1740DD3000935AA9 /* StashHTTPClient.h */ = {isa = PBXFileReference; fileEncoding = 4; lastKnownFileType = sourcecode.c.h; path = StashHTTPClient.h; sourceTree = "<group>"; };
		4AFFA9CE1740DD3000935AA9 /* StashHTTPClient.m */ = {isa = PBXFileReference; fileEncoding = 4; lastKnownFileType = sourcecode.c.objc; path = StashHTTPClient.m; sourceTree = "<group>"; };
		4AFFA9D21740E46F00935AA9 /* Issues Model.xcdatamodel */ = {isa = PBXFileReference; lastKnownFileType = wrapper.xcdatamodel; path = "Issues Model.xcdatamodel"; sourceTree = "<group>"; };
		4AFFA9D51740F36C00935AA9 /* _StashAccount.h */ = {isa = PBXFileReference; fileEncoding = 4; lastKnownFileType = sourcecode.c.h; path = _StashAccount.h; sourceTree = "<group>"; };
		4AFFA9D61740F36C00935AA9 /* _StashAccount.m */ = {isa = PBXFileReference; fileEncoding = 4; lastKnownFileType = sourcecode.c.objc; path = _StashAccount.m; sourceTree = "<group>"; };
		4AFFA9D71740F36C00935AA9 /* _StashIssue.h */ = {isa = PBXFileReference; fileEncoding = 4; lastKnownFileType = sourcecode.c.h; path = _StashIssue.h; sourceTree = "<group>"; };
		4AFFA9D81740F36C00935AA9 /* _StashIssue.m */ = {isa = PBXFileReference; fileEncoding = 4; lastKnownFileType = sourcecode.c.objc; path = _StashIssue.m; sourceTree = "<group>"; };
		4AFFA9D91740F36C00935AA9 /* _StashLabel.h */ = {isa = PBXFileReference; fileEncoding = 4; lastKnownFileType = sourcecode.c.h; path = _StashLabel.h; sourceTree = "<group>"; };
		4AFFA9DA1740F36C00935AA9 /* _StashLabel.m */ = {isa = PBXFileReference; fileEncoding = 4; lastKnownFileType = sourcecode.c.objc; path = _StashLabel.m; sourceTree = "<group>"; };
		4AFFA9DB1740F36C00935AA9 /* _StashMilestone.h */ = {isa = PBXFileReference; fileEncoding = 4; lastKnownFileType = sourcecode.c.h; path = _StashMilestone.h; sourceTree = "<group>"; };
		4AFFA9DC1740F36C00935AA9 /* _StashMilestone.m */ = {isa = PBXFileReference; fileEncoding = 4; lastKnownFileType = sourcecode.c.objc; path = _StashMilestone.m; sourceTree = "<group>"; };
		4AFFA9DD1740F36C00935AA9 /* _StashRepository.h */ = {isa = PBXFileReference; fileEncoding = 4; lastKnownFileType = sourcecode.c.h; path = _StashRepository.h; sourceTree = "<group>"; };
		4AFFA9DE1740F36C00935AA9 /* _StashRepository.m */ = {isa = PBXFileReference; fileEncoding = 4; lastKnownFileType = sourcecode.c.objc; path = _StashRepository.m; sourceTree = "<group>"; };
		4AFFA9DF1740F36C00935AA9 /* _StashUsers.h */ = {isa = PBXFileReference; fileEncoding = 4; lastKnownFileType = sourcecode.c.h; path = _StashUsers.h; sourceTree = "<group>"; };
		4AFFA9E01740F36C00935AA9 /* _StashUsers.m */ = {isa = PBXFileReference; fileEncoding = 4; lastKnownFileType = sourcecode.c.objc; path = _StashUsers.m; sourceTree = "<group>"; };
		4AFFA9E71740F38500935AA9 /* StashAccount.h */ = {isa = PBXFileReference; fileEncoding = 4; lastKnownFileType = sourcecode.c.h; path = StashAccount.h; sourceTree = "<group>"; };
		4AFFA9E81740F38500935AA9 /* StashAccount.m */ = {isa = PBXFileReference; fileEncoding = 4; lastKnownFileType = sourcecode.c.objc; path = StashAccount.m; sourceTree = "<group>"; };
		4AFFA9E91740F38500935AA9 /* StashIssue.h */ = {isa = PBXFileReference; fileEncoding = 4; lastKnownFileType = sourcecode.c.h; path = StashIssue.h; sourceTree = "<group>"; };
		4AFFA9EA1740F38500935AA9 /* StashIssue.m */ = {isa = PBXFileReference; fileEncoding = 4; lastKnownFileType = sourcecode.c.objc; path = StashIssue.m; sourceTree = "<group>"; };
		4AFFA9EB1740F38500935AA9 /* StashLabel.h */ = {isa = PBXFileReference; fileEncoding = 4; lastKnownFileType = sourcecode.c.h; path = StashLabel.h; sourceTree = "<group>"; };
		4AFFA9EC1740F38500935AA9 /* StashLabel.m */ = {isa = PBXFileReference; fileEncoding = 4; lastKnownFileType = sourcecode.c.objc; path = StashLabel.m; sourceTree = "<group>"; };
		4AFFA9ED1740F38500935AA9 /* StashMilestone.h */ = {isa = PBXFileReference; fileEncoding = 4; lastKnownFileType = sourcecode.c.h; path = StashMilestone.h; sourceTree = "<group>"; };
		4AFFA9EE1740F38500935AA9 /* StashMilestone.m */ = {isa = PBXFileReference; fileEncoding = 4; lastKnownFileType = sourcecode.c.objc; path = StashMilestone.m; sourceTree = "<group>"; };
		4AFFA9EF1740F38500935AA9 /* StashRepository.h */ = {isa = PBXFileReference; fileEncoding = 4; lastKnownFileType = sourcecode.c.h; path = StashRepository.h; sourceTree = "<group>"; };
		4AFFA9F01740F38500935AA9 /* StashRepository.m */ = {isa = PBXFileReference; fileEncoding = 4; lastKnownFileType = sourcecode.c.objc; path = StashRepository.m; sourceTree = "<group>"; };
		4AFFA9F11740F38500935AA9 /* StashUsers.h */ = {isa = PBXFileReference; fileEncoding = 4; lastKnownFileType = sourcecode.c.h; path = StashUsers.h; sourceTree = "<group>"; };
		4AFFA9F21740F38500935AA9 /* StashUsers.m */ = {isa = PBXFileReference; fileEncoding = 4; lastKnownFileType = sourcecode.c.objc; path = StashUsers.m; sourceTree = "<group>"; };
		4AFFA9FA1740F3FB00935AA9 /* StashIssuesManager.h */ = {isa = PBXFileReference; fileEncoding = 4; lastKnownFileType = sourcecode.c.h; path = StashIssuesManager.h; sourceTree = "<group>"; };
		4AFFA9FB1740F3FB00935AA9 /* StashIssuesManager.m */ = {isa = PBXFileReference; fileEncoding = 4; lastKnownFileType = sourcecode.c.objc; path = StashIssuesManager.m; sourceTree = "<group>"; };
/* End PBXFileReference section */

/* Begin PBXFrameworksBuildPhase section */
		4AD190B2173DE4B100D3F24E /* Frameworks */ = {
			isa = PBXFrameworksBuildPhase;
			buildActionMask = 2147483647;
			files = (
				4AB88B4817425E080085D8A7 /* libicucore.dylib in Frameworks */,
				4A7EB139173FAA3200AF5916 /* SystemConfiguration.framework in Frameworks */,
				4A7EB137173FA82800AF5916 /* QuartzCore.framework in Frameworks */,
				4AD190D6173DE4C000D3F24E /* Security.framework in Frameworks */,
				4AB88B3C1741D9D50085D8A7 /* CoreData.framework in Frameworks */,
				4AD190B9173DE4B100D3F24E /* Cocoa.framework in Frameworks */,
			);
			runOnlyForDeploymentPostprocessing = 0;
		};
/* End PBXFrameworksBuildPhase section */

/* Begin PBXGroup section */
		4A7EB143173FB1A300AF5916 /* Categories & Functions */ = {
			isa = PBXGroup;
			children = (
				4A7EB140173FB19E00AF5916 /* NSView+ConstraintAdditions.h */,
				4A7EB141173FB19E00AF5916 /* NSView+ConstraintAdditions.m */,
				4A7EB145173FD9E800AF5916 /* StashDrawingFunctions.h */,
				4A7EB146173FD9E800AF5916 /* StashDrawingFunctions.m */,
			);
			name = "Categories & Functions";
			sourceTree = "<group>";
		};
		4A7EB144173FB7A200AF5916 /* Issues View */ = {
			isa = PBXGroup;
			children = (
				4A7EB12E173FA46400AF5916 /* StashIssuesViewController.h */,
				4A7EB12F173FA46400AF5916 /* StashIssuesViewController.m */,
				4A7EB133173FA48400AF5916 /* Issues View.xib */,
			);
			name = "Issues View";
			sourceTree = "<group>";
		};
		4AB88B4917425E170085D8A7 /* RegexKitLite */ = {
			isa = PBXGroup;
			children = (
				4AB88B4A17425E280085D8A7 /* RegexKitLite.h */,
				4AB88B4B17425E280085D8A7 /* RegexKitLite.m */,
			);
			name = RegexKitLite;
			sourceTree = "<group>";
		};
		4AD190AC173DE4B100D3F24E = {
			isa = PBXGroup;
			children = (
				4AD190BE173DE4B100D3F24E /* Stash */,
				4AD190D8173DE55D00D3F24E /* Other Sources */,
				4AD190B7173DE4B100D3F24E /* Frameworks */,
				4AD190B6173DE4B100D3F24E /* Products */,
			);
			sourceTree = "<group>";
		};
		4AD190B6173DE4B100D3F24E /* Products */ = {
			isa = PBXGroup;
			children = (
				4AD190B5173DE4B100D3F24E /* Stash.app */,
			);
			name = Products;
			sourceTree = "<group>";
		};
		4AD190B7173DE4B100D3F24E /* Frameworks */ = {
			isa = PBXGroup;
			children = (
				4AB88B4717425E080085D8A7 /* libicucore.dylib */,
				4A7EB138173FAA3200AF5916 /* SystemConfiguration.framework */,
				4A7EB136173FA82800AF5916 /* QuartzCore.framework */,
				4AD190D5173DE4C000D3F24E /* Security.framework */,
				4AD190B8173DE4B100D3F24E /* Cocoa.framework */,
				4AD190BC173DE4B100D3F24E /* CoreData.framework */,
				4AD190BA173DE4B100D3F24E /* Other Frameworks */,
			);
			name = Frameworks;
			sourceTree = "<group>";
		};
		4AD190BA173DE4B100D3F24E /* Other Frameworks */ = {
			isa = PBXGroup;
			children = (
				4AD190BB173DE4B100D3F24E /* AppKit.framework */,
				4AD190BD173DE4B100D3F24E /* Foundation.framework */,
			);
			name = "Other Frameworks";
			sourceTree = "<group>";
		};
		4AD190BE173DE4B100D3F24E /* Stash */ = {
			isa = PBXGroup;
			children = (
				4AD190CA173DE4B100D3F24E /* StashAppDelegate.h */,
				4AD190CB173DE4B100D3F24E /* StashAppDelegate.m */,
				4AFFA9D01740E42C00935AA9 /* Issues Store */,
				4AD19114173DE7A600D3F24E /* Network Manager */,
				4AD19115173DE7DC00D3F24E /* Status Item */,
				4AD19113173DE79600D3F24E /* Issues Window */,
				4A7EB143173FB1A300AF5916 /* Categories & Functions */,
				4AD190BF173DE4B100D3F24E /* Supporting Files */,
			);
			path = Stash;
			sourceTree = "<group>";
		};
		4AD190BF173DE4B100D3F24E /* Supporting Files */ = {
			isa = PBXGroup;
			children = (
				4AD190CD173DE4B100D3F24E /* Main Menu.xib */,
				4AD190D7173DE51E00D3F24E /* Stash.entitlements */,
				4AD190C0173DE4B100D3F24E /* Stash-Info.plist */,
				4AD190C1173DE4B100D3F24E /* InfoPlist.strings */,
				4AD190C4173DE4B100D3F24E /* main.m */,
				4AD190C6173DE4B100D3F24E /* Stash-Prefix.pch */,
				4AD190C7173DE4B100D3F24E /* Credits.rtf */,
			);
			name = "Supporting Files";
			sourceTree = "<group>";
		};
		4AD190D8173DE55D00D3F24E /* Other Sources */ = {
			isa = PBXGroup;
			children = (
				4AB88B4917425E170085D8A7 /* RegexKitLite */,
				4AD1910C173DE75F00D3F24E /* XSControllers */,
				4AD19108173DE73600D3F24E /* SYMLFoundation */,
				4AD19107173DE72100D3F24E /* AFNetworking */,
			);
			name = "Other Sources";
			path = Stash;
			sourceTree = "<group>";
		};
		4AD19107173DE72100D3F24E /* AFNetworking */ = {
			isa = PBXGroup;
			children = (
				4AD190EE173DE71B00D3F24E /* AFHTTPClient.h */,
				4AD190EF173DE71B00D3F24E /* AFHTTPClient.m */,
				4AD190F0173DE71B00D3F24E /* AFHTTPRequestOperation.h */,
				4AD190F1173DE71B00D3F24E /* AFHTTPRequestOperation.m */,
				4AD190F2173DE71B00D3F24E /* AFImageRequestOperation.h */,
				4AD190F3173DE71B00D3F24E /* AFImageRequestOperation.m */,
				4AD190F4173DE71B00D3F24E /* AFJSONRequestOperation.h */,
				4AD190F5173DE71B00D3F24E /* AFJSONRequestOperation.m */,
				4AD190F6173DE71B00D3F24E /* AFNetworkActivityIndicatorManager.h */,
				4AD190F7173DE71B00D3F24E /* AFNetworkActivityIndicatorManager.m */,
				4AD190F8173DE71B00D3F24E /* AFNetworking.h */,
				4AD190F9173DE71B00D3F24E /* AFPropertyListRequestOperation.h */,
				4AD190FA173DE71B00D3F24E /* AFPropertyListRequestOperation.m */,
				4AD190FB173DE71B00D3F24E /* AFURLConnectionOperation.h */,
				4AD190FC173DE71B00D3F24E /* AFURLConnectionOperation.m */,
				4AD190FD173DE71B00D3F24E /* AFXMLRequestOperation.h */,
				4AD190FE173DE71B00D3F24E /* AFXMLRequestOperation.m */,
			);
			name = AFNetworking;
			sourceTree = "<group>";
		};
		4AD19108173DE73600D3F24E /* SYMLFoundation */ = {
			isa = PBXGroup;
			children = (
				4AD19109173DE75100D3F24E /* qLog.h */,
				4AD1910A173DE75100D3F24E /* qLog.m */,
			);
			name = SYMLFoundation;
			sourceTree = "<group>";
		};
		4AD1910C173DE75F00D3F24E /* XSControllers */ = {
			isa = PBXGroup;
			children = (
				4AD1910D173DE77A00D3F24E /* XSViewController.h */,
				4AD1910E173DE77A00D3F24E /* XSViewController.m */,
				4AD1910F173DE77A00D3F24E /* XSWindowController.h */,
				4AD19110173DE77A00D3F24E /* XSWindowController.m */,
			);
			name = XSControllers;
			sourceTree = "<group>";
		};
		4AD19113173DE79600D3F24E /* Issues Window */ = {
			isa = PBXGroup;
			children = (
				4AD190D9173DE6F100D3F24E /* StashIssuesWindowController.h */,
				4AD190DA173DE6F100D3F24E /* StashIssuesWindowController.m */,
				4AD1911A173DE8A400D3F24E /* UI Elements */,
				4AD19119173DE80100D3F24E /* Login View */,
				4A7EB144173FB7A200AF5916 /* Issues View */,
			);
			name = "Issues Window";
			sourceTree = "<group>";
		};
		4AD19114173DE7A600D3F24E /* Network Manager */ = {
			isa = PBXGroup;
			children = (
				4AD190DD173DE6F100D3F24E /* StashNetworkManager.h */,
				4AD190DE173DE6F100D3F24E /* StashNetworkManager.m */,
				4AFFA9CD1740DD3000935AA9 /* StashHTTPClient.h */,
				4AFFA9CE1740DD3000935AA9 /* StashHTTPClient.m */,
				4AB88B441742545B0085D8A7 /* AFHTTPRequestOperation+StashAdditions.h */,
				4AB88B451742545B0085D8A7 /* AFHTTPRequestOperation+StashAdditions.m */,
			);
			name = "Network Manager";
			sourceTree = "<group>";
		};
		4AD19115173DE7DC00D3F24E /* Status Item */ = {
			isa = PBXGroup;
			children = (
				4AD190DF173DE6F100D3F24E /* StashStatusItemController.h */,
				4AD190E0173DE6F100D3F24E /* StashStatusItemController.m */,
				4A521589174060FE0007CE0C /* Status Item Icon.png */,
				4A52158B174061130007CE0C /* Status Item Icon - Highlighted.png */,
			);
			name = "Status Item";
			sourceTree = "<group>";
		};
		4AD19119173DE80100D3F24E /* Login View */ = {
			isa = PBXGroup;
			children = (
				4AD190DB173DE6F100D3F24E /* StashLoginViewController.h */,
				4AD190DC173DE6F100D3F24E /* StashLoginViewController.m */,
				4AD19116173DE7FE00D3F24E /* Login View.xib */,
			);
			name = "Login View";
			sourceTree = "<group>";
		};
		4AD1911A173DE8A400D3F24E /* UI Elements */ = {
			isa = PBXGroup;
			children = (
				4AD190E1173DE6F100D3F24E /* StashTexturedWindow.h */,
				4AD190E2173DE6F100D3F24E /* StashTexturedWindow.m */,
				4AD190E3173DE6F100D3F24E /* StashTexturedWindowView.h */,
				4AD190E4173DE6F100D3F24E /* StashTexturedWindowView.m */,
				4AD190E5173DE6F100D3F24E /* StashViewController.h */,
				4AD190E6173DE6F100D3F24E /* StashViewController.m */,
				4A7EB13D173FACEB00AF5916 /* StashView.h */,
				4A7EB13E173FACEB00AF5916 /* StashView.m */,
			);
			name = "UI Elements";
			sourceTree = "<group>";
		};
		4AFFA9D01740E42C00935AA9 /* Issues Store */ = {
			isa = PBXGroup;
			children = (
				4AFFA9D11740E46F00935AA9 /* Issues Model.xcdatamodeld */,
				4AFFA9FA1740F3FB00935AA9 /* StashIssuesManager.h */,
				4AFFA9FB1740F3FB00935AA9 /* StashIssuesManager.m */,
				4AFFA9F91740F3A600935AA9 /* Custom Managed Object Classes */,
				4AFFA9D41740F35E00935AA9 /* Generated Managed Object Classes */,
			);
			name = "Issues Store";
			sourceTree = "<group>";
		};
		4AFFA9D41740F35E00935AA9 /* Generated Managed Object Classes */ = {
			isa = PBXGroup;
			children = (
				4AFFA9D51740F36C00935AA9 /* _StashAccount.h */,
				4AFFA9D61740F36C00935AA9 /* _StashAccount.m */,
				4AFFA9D71740F36C00935AA9 /* _StashIssue.h */,
				4AFFA9D81740F36C00935AA9 /* _StashIssue.m */,
				4AB88B3D1741DA2F0085D8A7 /* _StashItem.h */,
				4AB88B3E1741DA2F0085D8A7 /* _StashItem.m */,
				4AFFA9D91740F36C00935AA9 /* _StashLabel.h */,
				4AFFA9DA1740F36C00935AA9 /* _StashLabel.m */,
				4AFFA9DB1740F36C00935AA9 /* _StashMilestone.h */,
				4AFFA9DC1740F36C00935AA9 /* _StashMilestone.m */,
				4AFFA9DD1740F36C00935AA9 /* _StashRepository.h */,
				4AFFA9DE1740F36C00935AA9 /* _StashRepository.m */,
				4AFFA9DF1740F36C00935AA9 /* _StashUsers.h */,
				4AFFA9E01740F36C00935AA9 /* _StashUsers.m */,
			);
			name = "Generated Managed Object Classes";
			sourceTree = "<group>";
		};
		4AFFA9F91740F3A600935AA9 /* Custom Managed Object Classes */ = {
			isa = PBXGroup;
			children = (
				4AB88B3F1741DA2F0085D8A7 /* StashItem.h */,
				4AB88B401741DA2F0085D8A7 /* StashItem.m */,
				4AFFA9E71740F38500935AA9 /* StashAccount.h */,
				4AFFA9E81740F38500935AA9 /* StashAccount.m */,
				4AFFA9EF1740F38500935AA9 /* StashRepository.h */,
				4AFFA9F01740F38500935AA9 /* StashRepository.m */,
				4AFFA9E91740F38500935AA9 /* StashIssue.h */,
				4AFFA9EA1740F38500935AA9 /* StashIssue.m */,
				4AFFA9EB1740F38500935AA9 /* StashLabel.h */,
				4AFFA9EC1740F38500935AA9 /* StashLabel.m */,
				4AFFA9ED1740F38500935AA9 /* StashMilestone.h */,
				4AFFA9EE1740F38500935AA9 /* StashMilestone.m */,
				4AFFA9F11740F38500935AA9 /* StashUsers.h */,
				4AFFA9F21740F38500935AA9 /* StashUsers.m */,
			);
			name = "Custom Managed Object Classes";
			sourceTree = "<group>";
		};
/* End PBXGroup section */

/* Begin PBXNativeTarget section */
		4AD190B4173DE4B100D3F24E /* Stash */ = {
			isa = PBXNativeTarget;
			buildConfigurationList = 4AD190D2173DE4B100D3F24E /* Build configuration list for PBXNativeTarget "Stash" */;
			buildPhases = (
				4AD190B1173DE4B100D3F24E /* Sources */,
				4AD190B2173DE4B100D3F24E /* Frameworks */,
				4AD190B3173DE4B100D3F24E /* Resources */,
			);
			buildRules = (
			);
			dependencies = (
			);
			name = Stash;
			productName = Stash;
			productReference = 4AD190B5173DE4B100D3F24E /* Stash.app */;
			productType = "com.apple.product-type.application";
		};
/* End PBXNativeTarget section */

/* Begin PBXProject section */
		4AD190AD173DE4B100D3F24E /* Project object */ = {
			isa = PBXProject;
			attributes = {
				CLASSPREFIX = Stash;
				LastUpgradeCheck = 0460;
				ORGANIZATIONNAME = "Harry Jordan";
			};
			buildConfigurationList = 4AD190B0173DE4B100D3F24E /* Build configuration list for PBXProject "Stash" */;
			compatibilityVersion = "Xcode 3.2";
			developmentRegion = English;
			hasScannedForEncodings = 0;
			knownRegions = (
				en,
			);
			mainGroup = 4AD190AC173DE4B100D3F24E;
			productRefGroup = 4AD190B6173DE4B100D3F24E /* Products */;
			projectDirPath = "";
			projectRoot = "";
			targets = (
				4AD190B4173DE4B100D3F24E /* Stash */,
			);
		};
/* End PBXProject section */

/* Begin PBXResourcesBuildPhase section */
		4AD190B3173DE4B100D3F24E /* Resources */ = {
			isa = PBXResourcesBuildPhase;
			buildActionMask = 2147483647;
			files = (
				4AD190C3173DE4B100D3F24E /* InfoPlist.strings in Resources */,
				4AD190C9173DE4B100D3F24E /* Credits.rtf in Resources */,
				4AD190CF173DE4B100D3F24E /* Main Menu.xib in Resources */,
				4AD19118173DE7FE00D3F24E /* Login View.xib in Resources */,
				4A7EB135173FA48400AF5916 /* Issues View.xib in Resources */,
				4A52158A174060FE0007CE0C /* Status Item Icon.png in Resources */,
				4A52158C174061130007CE0C /* Status Item Icon - Highlighted.png in Resources */,
				4AB88B4317423C4F0085D8A7 /* Issues Model.xcdatamodeld in Resources */,
			);
			runOnlyForDeploymentPostprocessing = 0;
		};
/* End PBXResourcesBuildPhase section */

/* Begin PBXSourcesBuildPhase section */
		4AD190B1173DE4B100D3F24E /* Sources */ = {
			isa = PBXSourcesBuildPhase;
			buildActionMask = 2147483647;
			files = (
				4AD190C5173DE4B100D3F24E /* main.m in Sources */,
				4AD190CC173DE4B100D3F24E /* StashAppDelegate.m in Sources */,
				4AD190E7173DE6F100D3F24E /* StashIssuesWindowController.m in Sources */,
				4AD190E8173DE6F100D3F24E /* StashLoginViewController.m in Sources */,
				4AD190E9173DE6F100D3F24E /* StashNetworkManager.m in Sources */,
				4AD190EA173DE6F100D3F24E /* StashStatusItemController.m in Sources */,
				4AD190EB173DE6F100D3F24E /* StashTexturedWindow.m in Sources */,
				4AD190EC173DE6F100D3F24E /* StashTexturedWindowView.m in Sources */,
				4AD190ED173DE6F100D3F24E /* StashViewController.m in Sources */,
				4AD190FF173DE71B00D3F24E /* AFHTTPClient.m in Sources */,
				4AD19100173DE71B00D3F24E /* AFHTTPRequestOperation.m in Sources */,
				4AD19101173DE71B00D3F24E /* AFImageRequestOperation.m in Sources */,
				4AD19102173DE71B00D3F24E /* AFJSONRequestOperation.m in Sources */,
				4AD19103173DE71B00D3F24E /* AFNetworkActivityIndicatorManager.m in Sources */,
				4AD19104173DE71B00D3F24E /* AFPropertyListRequestOperation.m in Sources */,
				4AD19105173DE71B00D3F24E /* AFURLConnectionOperation.m in Sources */,
				4AD19106173DE71B00D3F24E /* AFXMLRequestOperation.m in Sources */,
				4AD1910B173DE75100D3F24E /* qLog.m in Sources */,
				4AD19111173DE77A00D3F24E /* XSViewController.m in Sources */,
				4AD19112173DE77A00D3F24E /* XSWindowController.m in Sources */,
				4A7EB131173FA46400AF5916 /* StashIssuesViewController.m in Sources */,
				4A7EB13F173FACEB00AF5916 /* StashView.m in Sources */,
				4A7EB142173FB19E00AF5916 /* NSView+ConstraintAdditions.m in Sources */,
				4A7EB147173FD9E800AF5916 /* StashDrawingFunctions.m in Sources */,
				4AFFA9CF1740DD3000935AA9 /* StashHTTPClient.m in Sources */,
				4AFFA9D31740E46F00935AA9 /* Issues Model.xcdatamodeld in Sources */,
				4AFFA9E11740F36C00935AA9 /* _StashAccount.m in Sources */,
				4AFFA9E21740F36C00935AA9 /* _StashIssue.m in Sources */,
				4AFFA9E31740F36C00935AA9 /* _StashLabel.m in Sources */,
				4AFFA9E41740F36C00935AA9 /* _StashMilestone.m in Sources */,
				4AFFA9E51740F36C00935AA9 /* _StashRepository.m in Sources */,
				4AFFA9E61740F36C00935AA9 /* _StashUsers.m in Sources */,
				4AFFA9F31740F38500935AA9 /* StashAccount.m in Sources */,
				4AFFA9F41740F38500935AA9 /* StashIssue.m in Sources */,
				4AFFA9F51740F38500935AA9 /* StashLabel.m in Sources */,
				4AFFA9F61740F38500935AA9 /* StashMilestone.m in Sources */,
				4AFFA9F71740F38500935AA9 /* StashRepository.m in Sources */,
				4AFFA9F81740F38500935AA9 /* StashUsers.m in Sources */,
				4AFFA9FC1740F3FB00935AA9 /* StashIssuesManager.m in Sources */,
				4AB88B411741DA2F0085D8A7 /* _StashItem.m in Sources */,
				4AB88B421741DA2F0085D8A7 /* StashItem.m in Sources */,
				4AB88B461742545B0085D8A7 /* AFHTTPRequestOperation+StashAdditions.m in Sources */,
				4AB88B4C17425E280085D8A7 /* RegexKitLite.m in Sources */,
			);
			runOnlyForDeploymentPostprocessing = 0;
		};
/* End PBXSourcesBuildPhase section */

/* Begin PBXVariantGroup section */
		4A7EB133173FA48400AF5916 /* Issues View.xib */ = {
			isa = PBXVariantGroup;
			children = (
				4A7EB134173FA48400AF5916 /* en */,
			);
			name = "Issues View.xib";
			sourceTree = "<group>";
		};
		4AD190C1173DE4B100D3F24E /* InfoPlist.strings */ = {
			isa = PBXVariantGroup;
			children = (
				4AD190C2173DE4B100D3F24E /* en */,
			);
			name = InfoPlist.strings;
			sourceTree = "<group>";
		};
		4AD190C7173DE4B100D3F24E /* Credits.rtf */ = {
			isa = PBXVariantGroup;
			children = (
				4AD190C8173DE4B100D3F24E /* en */,
			);
			name = Credits.rtf;
			sourceTree = "<group>";
		};
		4AD190CD173DE4B100D3F24E /* Main Menu.xib */ = {
			isa = PBXVariantGroup;
			children = (
				4AD190CE173DE4B100D3F24E /* en */,
			);
			name = "Main Menu.xib";
			sourceTree = "<group>";
		};
		4AD19116173DE7FE00D3F24E /* Login View.xib */ = {
			isa = PBXVariantGroup;
			children = (
				4AD19117173DE7FE00D3F24E /* en */,
			);
			name = "Login View.xib";
			sourceTree = "<group>";
		};
/* End PBXVariantGroup section */

/* Begin XCBuildConfiguration section */
		4AD190D0173DE4B100D3F24E /* Debug */ = {
			isa = XCBuildConfiguration;
			buildSettings = {
				ALWAYS_SEARCH_USER_PATHS = NO;
				ARCHS = "$(ARCHS_STANDARD_64_BIT)";
				CLANG_CXX_LANGUAGE_STANDARD = "gnu++0x";
				CLANG_CXX_LIBRARY = "libc++";
				CLANG_ENABLE_OBJC_ARC = YES;
				CLANG_WARN_CONSTANT_CONVERSION = YES;
				CLANG_WARN_EMPTY_BODY = YES;
				CLANG_WARN_ENUM_CONVERSION = YES;
				CLANG_WARN_INT_CONVERSION = YES;
				CLANG_WARN__DUPLICATE_METHOD_MATCH = YES;
				COPY_PHASE_STRIP = NO;
				GCC_C_LANGUAGE_STANDARD = gnu99;
				GCC_DYNAMIC_NO_PIC = NO;
				GCC_ENABLE_OBJC_EXCEPTIONS = YES;
				GCC_OPTIMIZATION_LEVEL = 0;
				GCC_PREPROCESSOR_DEFINITIONS = (
					"DEBUG=1",
					"$(inherited)",
				);
				GCC_SYMBOLS_PRIVATE_EXTERN = NO;
				GCC_WARN_64_TO_32_BIT_CONVERSION = YES;
				GCC_WARN_ABOUT_RETURN_TYPE = YES;
				GCC_WARN_UNINITIALIZED_AUTOS = YES;
				GCC_WARN_UNUSED_VARIABLE = YES;
				MACOSX_DEPLOYMENT_TARGET = 10.8;
				ONLY_ACTIVE_ARCH = YES;
				SDKROOT = macosx;
			};
			name = Debug;
		};
		4AD190D1173DE4B100D3F24E /* Release */ = {
			isa = XCBuildConfiguration;
			buildSettings = {
				ALWAYS_SEARCH_USER_PATHS = NO;
				ARCHS = "$(ARCHS_STANDARD_64_BIT)";
				CLANG_CXX_LANGUAGE_STANDARD = "gnu++0x";
				CLANG_CXX_LIBRARY = "libc++";
				CLANG_ENABLE_OBJC_ARC = YES;
				CLANG_WARN_CONSTANT_CONVERSION = YES;
				CLANG_WARN_EMPTY_BODY = YES;
				CLANG_WARN_ENUM_CONVERSION = YES;
				CLANG_WARN_INT_CONVERSION = YES;
				CLANG_WARN__DUPLICATE_METHOD_MATCH = YES;
				COPY_PHASE_STRIP = YES;
				DEBUG_INFORMATION_FORMAT = "dwarf-with-dsym";
				GCC_C_LANGUAGE_STANDARD = gnu99;
				GCC_ENABLE_OBJC_EXCEPTIONS = YES;
				GCC_WARN_64_TO_32_BIT_CONVERSION = YES;
				GCC_WARN_ABOUT_RETURN_TYPE = YES;
				GCC_WARN_UNINITIALIZED_AUTOS = YES;
				GCC_WARN_UNUSED_VARIABLE = YES;
				MACOSX_DEPLOYMENT_TARGET = 10.8;
				SDKROOT = macosx;
			};
			name = Release;
		};
		4AD190D3173DE4B100D3F24E /* Debug */ = {
			isa = XCBuildConfiguration;
			buildSettings = {
				CODE_SIGN_ENTITLEMENTS = Stash/Stash.entitlements;
				CODE_SIGN_IDENTITY = "Mac Developer";
				COMBINE_HIDPI_IMAGES = YES;
				GCC_PRECOMPILE_PREFIX_HEADER = YES;
				GCC_PREFIX_HEADER = "Stash/Stash-Prefix.pch";
				INFOPLIST_FILE = "Stash/Stash-Info.plist";
				PRODUCT_NAME = "$(TARGET_NAME)";
				WRAPPER_EXTENSION = app;
			};
			name = Debug;
		};
		4AD190D4173DE4B100D3F24E /* Release */ = {
			isa = XCBuildConfiguration;
			buildSettings = {
				CODE_SIGN_ENTITLEMENTS = Stash/Stash.entitlements;
				CODE_SIGN_IDENTITY = "Mac Developer";
				COMBINE_HIDPI_IMAGES = YES;
				GCC_PRECOMPILE_PREFIX_HEADER = YES;
				GCC_PREFIX_HEADER = "Stash/Stash-Prefix.pch";
				INFOPLIST_FILE = "Stash/Stash-Info.plist";
				PRODUCT_NAME = "$(TARGET_NAME)";
				WRAPPER_EXTENSION = app;
			};
			name = Release;
		};
/* End XCBuildConfiguration section */

/* Begin XCConfigurationList section */
		4AD190B0173DE4B100D3F24E /* Build configuration list for PBXProject "Stash" */ = {
			isa = XCConfigurationList;
			buildConfigurations = (
				4AD190D0173DE4B100D3F24E /* Debug */,
				4AD190D1173DE4B100D3F24E /* Release */,
			);
			defaultConfigurationIsVisible = 0;
			defaultConfigurationName = Release;
		};
		4AD190D2173DE4B100D3F24E /* Build configuration list for PBXNativeTarget "Stash" */ = {
			isa = XCConfigurationList;
			buildConfigurations = (
				4AD190D3173DE4B100D3F24E /* Debug */,
				4AD190D4173DE4B100D3F24E /* Release */,
			);
			defaultConfigurationIsVisible = 0;
			defaultConfigurationName = Release;
		};
/* End XCConfigurationList section */

/* Begin XCVersionGroup section */
		4AFFA9D11740E46F00935AA9 /* Issues Model.xcdatamodeld */ = {
			isa = XCVersionGroup;
			children = (
				4AFFA9D21740E46F00935AA9 /* Issues Model.xcdatamodel */,
			);
			currentVersion = 4AFFA9D21740E46F00935AA9 /* Issues Model.xcdatamodel */;
			path = "Issues Model.xcdatamodeld";
			sourceTree = "<group>";
			versionGroupType = wrapper.xcdatamodel;
		};
/* End XCVersionGroup section */
	};
	rootObject = 4AD190AD173DE4B100D3F24E /* Project object */;
}
